
Microsoft Visual Studio Solution File, Format Version 12.00
# Visual Studio Version 16
VisualStudioVersion = 16.0.31112.23
MinimumVisualStudioVersion = 10.0.40219.1
Project("{9A19103F-16F7-4668-BE54-9A1E7A4F7556}") = "BPT.Test.ANG.BackEnd.API", "BPT.Test.ANG.BackEnd.API\BPT.Test.ANG.BackEnd.API.csproj", "{02334BD1-A3DA-48A2-90A1-E42A203ED322}"
EndProject
Project("{9A19103F-16F7-4668-BE54-9A1E7A4F7556}") = "BPT.Test.ANG.FrontEnd.Client", "BPT.Test.ANG.FrontEnd.Client\BPT.Test.ANG.FrontEnd.Client.csproj", "{E32E728C-21B5-4A47-A9F4-2F06650AB171}"
EndProject
Project("{FAE04EC0-301F-11D3-BF4B-00C04F79EFBC}") = "BPT.Test.ANG.BackEnd.BusinessLayer", "BPT.Test.ANG.BackEnd.BusinessLayer\BPT.Test.ANG.BackEnd.BusinessLayer.csproj", "{E2750A75-57DB-45E0-8D11-2C1CD41FB0B3}"
EndProject
Project("{FAE04EC0-301F-11D3-BF4B-00C04F79EFBC}") = "BPT.Test.ANG.BackEnd.DataAccess", "BPT.Test.ANG.BackEnd.DataAccess\BPT.Test.ANG.BackEnd.DataAccess.csproj", "{B4141A24-EA83-4588-B3E5-F67B66AB5F1B}"
EndProject
Project("{FAE04EC0-301F-11D3-BF4B-00C04F79EFBC}") = "BPT.Test.ANG.BackEnd.EntityLayer", "BPT.Test.ANG.BackEnd.EntityLayer\BPT.Test.ANG.BackEnd.EntityLayer.csproj", "{A9CCD589-D2E9-4D5F-B334-C58C2D6CF74D}"
EndProject
Global
	GlobalSection(SolutionConfigurationPlatforms) = preSolution
		Debug|Any CPU = Debug|Any CPU
		Release|Any CPU = Release|Any CPU
	EndGlobalSection
	GlobalSection(ProjectConfigurationPlatforms) = postSolution
		{02334BD1-A3DA-48A2-90A1-E42A203ED322}.Debug|Any CPU.ActiveCfg = Debug|Any CPU
		{02334BD1-A3DA-48A2-90A1-E42A203ED322}.Debug|Any CPU.Build.0 = Debug|Any CPU
		{02334BD1-A3DA-48A2-90A1-E42A203ED322}.Release|Any CPU.ActiveCfg = Release|Any CPU
		{02334BD1-A3DA-48A2-90A1-E42A203ED322}.Release|Any CPU.Build.0 = Release|Any CPU
		{E32E728C-21B5-4A47-A9F4-2F06650AB171}.Debug|Any CPU.ActiveCfg = Debug|Any CPU
		{E32E728C-21B5-4A47-A9F4-2F06650AB171}.Debug|Any CPU.Build.0 = Debug|Any CPU
		{E32E728C-21B5-4A47-A9F4-2F06650AB171}.Release|Any CPU.ActiveCfg = Release|Any CPU
		{E32E728C-21B5-4A47-A9F4-2F06650AB171}.Release|Any CPU.Build.0 = Release|Any CPU
		{E2750A75-57DB-45E0-8D11-2C1CD41FB0B3}.Debug|Any CPU.ActiveCfg = Debug|Any CPU
		{E2750A75-57DB-45E0-8D11-2C1CD41FB0B3}.Debug|Any CPU.Build.0 = Debug|Any CPU
		{E2750A75-57DB-45E0-8D11-2C1CD41FB0B3}.Release|Any CPU.ActiveCfg = Release|Any CPU
		{E2750A75-57DB-45E0-8D11-2C1CD41FB0B3}.Release|Any CPU.Build.0 = Release|Any CPU
		{B4141A24-EA83-4588-B3E5-F67B66AB5F1B}.Debug|Any CPU.ActiveCfg = Debug|Any CPU
		{B4141A24-EA83-4588-B3E5-F67B66AB5F1B}.Debug|Any CPU.Build.0 = Debug|Any CPU
		{B4141A24-EA83-4588-B3E5-F67B66AB5F1B}.Release|Any CPU.ActiveCfg = Release|Any CPU
		{B4141A24-EA83-4588-B3E5-F67B66AB5F1B}.Release|Any CPU.Build.0 = Release|Any CPU
		{A9CCD589-D2E9-4D5F-B334-C58C2D6CF74D}.Debug|Any CPU.ActiveCfg = Debug|Any CPU
		{A9CCD589-D2E9-4D5F-B334-C58C2D6CF74D}.Debug|Any CPU.Build.0 = Debug|Any CPU
		{A9CCD589-D2E9-4D5F-B334-C58C2D6CF74D}.Release|Any CPU.ActiveCfg = Release|Any CPU
		{A9CCD589-D2E9-4D5F-B334-C58C2D6CF74D}.Release|Any CPU.Build.0 = Release|Any CPU
	EndGlobalSection
	GlobalSection(SolutionProperties) = preSolution
		HideSolutionNode = FALSE
	EndGlobalSection
	GlobalSection(ExtensibilityGlobals) = postSolution
		SolutionGuid = {289410FA-95D3-46F0-B8EB-55FBB1AEF85F}
	EndGlobalSection
EndGlobal
